
Microsoft Visual Studio Solution File, Format Version 12.00
# Visual Studio 15
VisualStudioVersion = 15.0.26430.13
MinimumVisualStudioVersion = 10.0.40219.1
Project("{8BC9CEB8-8B4A-11D0-8D11-00A0C91BC942}") = "PackageExtract", "PackageExtract.vcxproj", "{004000DB-FB5C-4DDA-B68E-45739237B604}"
EndProject
Global
	GlobalSection(SolutionConfigurationPlatforms) = preSolution
		Debug|x64 = Debug|x64
		Debug|x86 = Debug|x86
		release_nocrypt|x64 = release_nocrypt|x64
		release_nocrypt|x86 = release_nocrypt|x86
		Release|x64 = Release|x64
		Release|x86 = Release|x86
	EndGlobalSection
	GlobalSection(ProjectConfigurationPlatforms) = postSolution
		{004000DB-FB5C-4DDA-B68E-45739237B604}.Debug|x64.ActiveCfg = Debug|x64
		{004000DB-FB5C-4DDA-B68E-45739237B604}.Debug|x64.Build.0 = Debug|x64
		{004000DB-FB5C-4DDA-B68E-45739237B604}.Debug|x86.ActiveCfg = Debug|Win32
		{004000DB-FB5C-4DDA-B68E-45739237B604}.Debug|x86.Build.0 = Debug|Win32
		{004000DB-FB5C-4DDA-B68E-45739237B604}.release_nocrypt|x64.ActiveCfg = Release|x64
		{004000DB-FB5C-4DDA-B68E-45739237B604}.release_nocrypt|x64.Build.0 = Release|x64
		{004000DB-FB5C-4DDA-B68E-45739237B604}.release_nocrypt|x86.ActiveCfg = Release|Win32
		{004000DB-FB5C-4DDA-B68E-45739237B604}.release_nocrypt|x86.Build.0 = Release|Win32
		{004000DB-FB5C-4DDA-B68E-45739237B604}.Release|x64.ActiveCfg = Release|x64
		{004000DB-FB5C-4DDA-B68E-45739237B604}.Release|x64.Build.0 = Release|x64
		{004000DB-FB5C-4DDA-B68E-45739237B604}.Release|x86.ActiveCfg = Release|Win32
		{004000DB-FB5C-4DDA-B68E-45739237B604}.Release|x86.Build.0 = Release|Win32
	EndGlobalSection
	GlobalSection(SolutionProperties) = preSolution
		HideSolutionNode = FALSE
	EndGlobalSection
EndGlobal
